
Microsoft Visual Studio Solution File, Format Version 12.00
# Visual Studio Version 17
VisualStudioVersion = 17.11.35208.52
MinimumVisualStudioVersion = 10.0.40219.1
Project("{FAE04EC0-301F-11D3-BF4B-00C04F79EFBC}") = "ECC_ED25519_KeyExchanceTest", "ECC_ED25519_KeyExchanceTest\ECC_ED25519_KeyExchanceTest.csproj", "{6BFFD28E-F99C-4968-931E-FFA0E52ACBD1}"
EndProject
Project("{FAE04EC0-301F-11D3-BF4B-00C04F79EFBC}") = "ECC_ED25519", "ECC_ED25519\ECC_ED25519.csproj", "{68D04F8A-4C07-462D-AB35-FF996C3FDFA8}"
EndProject
Global
	GlobalSection(SolutionConfigurationPlatforms) = preSolution
		Debug|Any CPU = Debug|Any CPU
		Release|Any CPU = Release|Any CPU
	EndGlobalSection
	GlobalSection(ProjectConfigurationPlatforms) = postSolution
		{6BFFD28E-F99C-4968-931E-FFA0E52ACBD1}.Debug|Any CPU.ActiveCfg = Debug|Any CPU
		{6BFFD28E-F99C-4968-931E-FFA0E52ACBD1}.Debug|Any CPU.Build.0 = Debug|Any CPU
		{6BFFD28E-F99C-4968-931E-FFA0E52ACBD1}.Release|Any CPU.ActiveCfg = Release|Any CPU
		{6BFFD28E-F99C-4968-931E-FFA0E52ACBD1}.Release|Any CPU.Build.0 = Release|Any CPU
		{68D04F8A-4C07-462D-AB35-FF996C3FDFA8}.Debug|Any CPU.ActiveCfg = Debug|Any CPU
		{68D04F8A-4C07-462D-AB35-FF996C3FDFA8}.Debug|Any CPU.Build.0 = Debug|Any CPU
		{68D04F8A-4C07-462D-AB35-FF996C3FDFA8}.Release|Any CPU.ActiveCfg = Release|Any CPU
		{68D04F8A-4C07-462D-AB35-FF996C3FDFA8}.Release|Any CPU.Build.0 = Release|Any CPU
	EndGlobalSection
	GlobalSection(SolutionProperties) = preSolution
		HideSolutionNode = FALSE
	EndGlobalSection
	GlobalSection(ExtensibilityGlobals) = postSolution
		SolutionGuid = {A2152368-B3AC-4F5A-ABD2-FC5C261868E1}
	EndGlobalSection
EndGlobal
